Microsoft Visual Studio Solution File, Format Version 12.00
# Visual Studio 15
VisualStudioVersion = 15.0.28307.1500
MinimumVisualStudioVersion = 10.0.40219.1
Project("{2150E333-8FDC-42A3-9474-1A3956D46DE8}") = ".nuget", ".nuget", "{74A23C91-9759-4021-98AF-63D38296E25F}"
	ProjectSection(SolutionItems) = preProject
		.nuget\packages.config = .nuget\packages.config
	EndProjectSection
EndProject
Project("{2150E333-8FDC-42A3-9474-1A3956D46DE8}") = "Model", "Model", "{4D0F75D2-4808-4918-BD79-370E0D0B05A4}"
	ProjectSection(SolutionItems) = preProject
		CP.UETrack\CP.UETrack.DAL\DataAccess\Implementations\LLS\Transaction\LinenRejectReplacementDAL.cs = CP.UETrack\CP.UETrack.DAL\DataAccess\Implementations\LLS\Transaction\LinenRejectReplacementDAL.cs
	EndProjectSection
EndProject
Project("{2150E333-8FDC-42A3-9474-1A3956D46DE8}") = "BLL", "BLL", "{9E9EA789-B6D0-4ACA-B66E-FA703DA5B804}"
EndProject
Project("{2150E333-8FDC-42A3-9474-1A3956D46DE8}") = "DAL", "DAL", "{FDAEB970-0713-4F94-AE10-923B83E2B039}"
EndProject
Project("{2150E333-8FDC-42A3-9474-1A3956D46DE8}") = "UETrack", "UETrack", "{5A93F8F0-36A6-46ED-BCB4-A6B4C93DE94C}"
EndProject
Project("{2150E333-8FDC-42A3-9474-1A3956D46DE8}") = "Web", "Web", "{339382A8-3783-4286-A111-B998383C40D1}"
EndProject
Project("{2150E333-8FDC-42A3-9474-1A3956D46DE8}") = "TranslationManager", "TranslationManager", "{89777E8A-B946-4B97-AAFE-7F6C4F8EC312}"
	ProjectSection(SolutionItems) = preProject
		.nuget\packages.config = .nuget\packages.config
	EndProjectSection
EndProject
Project("{2150E333-8FDC-42A3-9474-1A3956D46DE8}") = "Solution Items", "Solution Items", "{EC56A0B4-19F0-45F6-9C82-230D173ECA53}"
	ProjectSection(SolutionItems) = preProject
		VersionInfo.cs = VersionInfo.cs
	EndProjectSection
EndProject
Project("{2150E333-8FDC-42A3-9474-1A3956D46DE8}") = "CodeLib", "CodeLib", "{879DC7EA-67DD-4029-8A7F-0F03B00FA14C}"
EndProject
Project("{FAE04EC0-301F-11D3-BF4B-00C04F79EFBC}") = "UETrack.Application.Web", "CP.UETrack\CP.UETrack.Web\UETrack.Application.Web.csproj", "{FF908883-5060-4EBB-8D36-38BB6D8CDDF8}"
	ProjectSection(ProjectDependencies) = postProject
		{7EB442B9-A03E-4BE7-9DF0-67B0836FAD4C} = {7EB442B9-A03E-4BE7-9DF0-67B0836FAD4C}
		{4D95FEEB-A1DB-40AE-A6A6-8F5DD103B802} = {4D95FEEB-A1DB-40AE-A6A6-8F5DD103B802}
	EndProjectSection
EndProject
Project("{FAE04EC0-301F-11D3-BF4B-00C04F79EFBC}") = "UETrack.Application.Web.API", "CP.UETrack\CP.UETrack.Web.Api\UETrack.Application.Web.API\UETrack.Application.Web.API.csproj", "{7EB442B9-A03E-4BE7-9DF0-67B0836FAD4C}"
EndProject
Project("{FAE04EC0-301F-11D3-BF4B-00C04F79EFBC}") = "CP.UETrack.TranslationManager", "CP.UETrack\TranslationManager\CP.UETrack.TranslationManager.csproj", "{E3634E46-9D12-4E7C-B5E9-A2DACAC0AF53}"
EndProject
Project("{FAE04EC0-301F-11D3-BF4B-00C04F79EFBC}") = "CP.UETrack.DAL", "CP.UETrack\CP.UETrack.DAL\CP.UETrack.DAL.csproj", "{BD080424-0857-4AB1-A864-5BE7BE75DD29}"
EndProject
Project("{FAE04EC0-301F-11D3-BF4B-00C04F79EFBC}") = "CP.UETrack.CodeLib", "CP.UETrack\CP.UETrack.CodeLib\CP.UETrack.CodeLib.csproj", "{3A3FF9E8-1FCB-4C26-BBB8-48ECB2CCF240}"
EndProject
Project("{FAE04EC0-301F-11D3-BF4B-00C04F79EFBC}") = "CP.UETrack.Model", "CP.UETrack\CP.UETrack.Models\CP.UETrack.Model.csproj", "{7FC8BBF2-A919-4A07-BA95-1D8FA14BE1D4}"
EndProject
Project("{FAE04EC0-301F-11D3-BF4B-00C04F79EFBC}") = "CP.UETrack.BLL", "CP.UETrack\CP.UETrack.BLL\CP.UETrack.BLL.csproj", "{4D95FEEB-A1DB-40AE-A6A6-8F5DD103B802}"
EndProject
Project("{2150E333-8FDC-42A3-9474-1A3956D46DE8}") = "WebApi", "WebApi", "{AC66D671-9FF7-4D1B-B0CF-0EFC26E16349}"
EndProject
Global
	GlobalSection(SolutionConfigurationPlatforms) = preSolution
		Debug|Any CPU = Debug|Any CPU
		DebugLocal|Any CPU = DebugLocal|Any CPU
		Dev|Any CPU = Dev|Any CPU
		Production|Any CPU = Production|Any CPU
		Release|Any CPU = Release|Any CPU
		sample|Any CPU = sample|Any CPU
		Test|Any CPU = Test|Any CPU
		Uat|Any CPU = Uat|Any CPU
	EndGlobalSection
	GlobalSection(ProjectConfigurationPlatforms) = postSolution
		{FF908883-5060-4EBB-8D36-38BB6D8CDDF8}.Debug|Any CPU.ActiveCfg = Debug|Any CPU
		{FF908883-5060-4EBB-8D36-38BB6D8CDDF8}.Debug|Any CPU.Build.0 = Debug|Any CPU
		{FF908883-5060-4EBB-8D36-38BB6D8CDDF8}.DebugLocal|Any CPU.ActiveCfg = Debug|Any CPU
		{FF908883-5060-4EBB-8D36-38BB6D8CDDF8}.DebugLocal|Any CPU.Build.0 = Debug|Any CPU
		{FF908883-5060-4EBB-8D36-38BB6D8CDDF8}.Dev|Any CPU.ActiveCfg = Debug|Any CPU
		{FF908883-5060-4EBB-8D36-38BB6D8CDDF8}.Dev|Any CPU.Build.0 = Debug|Any CPU
		{FF908883-5060-4EBB-8D36-38BB6D8CDDF8}.Production|Any CPU.ActiveCfg = Release|Any CPU
		{FF908883-5060-4EBB-8D36-38BB6D8CDDF8}.Production|Any CPU.Build.0 = Release|Any CPU
		{FF908883-5060-4EBB-8D36-38BB6D8CDDF8}.Release|Any CPU.ActiveCfg = Release|Any CPU
		{FF908883-5060-4EBB-8D36-38BB6D8CDDF8}.Release|Any CPU.Build.0 = Release|Any CPU
		{FF908883-5060-4EBB-8D36-38BB6D8CDDF8}.sample|Any CPU.ActiveCfg = Release|Any CPU
		{FF908883-5060-4EBB-8D36-38BB6D8CDDF8}.sample|Any CPU.Build.0 = Release|Any CPU
		{FF908883-5060-4EBB-8D36-38BB6D8CDDF8}.Test|Any CPU.ActiveCfg = Release|Any CPU
		{FF908883-5060-4EBB-8D36-38BB6D8CDDF8}.Test|Any CPU.Build.0 = Release|Any CPU
		{FF908883-5060-4EBB-8D36-38BB6D8CDDF8}.Uat|Any CPU.ActiveCfg = Release|Any CPU
		{FF908883-5060-4EBB-8D36-38BB6D8CDDF8}.Uat|Any CPU.Build.0 = Release|Any CPU
		{7EB442B9-A03E-4BE7-9DF0-67B0836FAD4C}.Debug|Any CPU.ActiveCfg = Debug|Any CPU
		{7EB442B9-A03E-4BE7-9DF0-67B0836FAD4C}.Debug|Any CPU.Build.0 = Debug|Any CPU
		{7EB442B9-A03E-4BE7-9DF0-67B0836FAD4C}.DebugLocal|Any CPU.ActiveCfg = Debug|Any CPU
		{7EB442B9-A03E-4BE7-9DF0-67B0836FAD4C}.DebugLocal|Any CPU.Build.0 = Debug|Any CPU
		{7EB442B9-A03E-4BE7-9DF0-67B0836FAD4C}.Dev|Any CPU.ActiveCfg = Debug|Any CPU
		{7EB442B9-A03E-4BE7-9DF0-67B0836FAD4C}.Dev|Any CPU.Build.0 = Debug|Any CPU
		{7EB442B9-A03E-4BE7-9DF0-67B0836FAD4C}.Production|Any CPU.ActiveCfg = Release|Any CPU
		{7EB442B9-A03E-4BE7-9DF0-67B0836FAD4C}.Production|Any CPU.Build.0 = Release|Any CPU
		{7EB442B9-A03E-4BE7-9DF0-67B0836FAD4C}.Release|Any CPU.ActiveCfg = Release|Any CPU
		{7EB442B9-A03E-4BE7-9DF0-67B0836FAD4C}.Release|Any CPU.Build.0 = Release|Any CPU
		{7EB442B9-A03E-4BE7-9DF0-67B0836FAD4C}.sample|Any CPU.ActiveCfg = Release|Any CPU
		{7EB442B9-A03E-4BE7-9DF0-67B0836FAD4C}.sample|Any CPU.Build.0 = Release|Any CPU
		{7EB442B9-A03E-4BE7-9DF0-67B0836FAD4C}.Test|Any CPU.ActiveCfg = Release|Any CPU
		{7EB442B9-A03E-4BE7-9DF0-67B0836FAD4C}.Test|Any CPU.Build.0 = Release|Any CPU
		{7EB442B9-A03E-4BE7-9DF0-67B0836FAD4C}.Uat|Any CPU.ActiveCfg = Release|Any CPU
		{7EB442B9-A03E-4BE7-9DF0-67B0836FAD4C}.Uat|Any CPU.Build.0 = Release|Any CPU
		{E3634E46-9D12-4E7C-B5E9-A2DACAC0AF53}.Debug|Any CPU.ActiveCfg = Debug|Any CPU
		{E3634E46-9D12-4E7C-B5E9-A2DACAC0AF53}.Debug|Any CPU.Build.0 = Debug|Any CPU
		{E3634E46-9D12-4E7C-B5E9-A2DACAC0AF53}.DebugLocal|Any CPU.ActiveCfg = Debug|Any CPU
		{E3634E46-9D12-4E7C-B5E9-A2DACAC0AF53}.DebugLocal|Any CPU.Build.0 = Debug|Any CPU
		{E3634E46-9D12-4E7C-B5E9-A2DACAC0AF53}.Dev|Any CPU.ActiveCfg = Debug|Any CPU
		{E3634E46-9D12-4E7C-B5E9-A2DACAC0AF53}.Dev|Any CPU.Build.0 = Debug|Any CPU
		{E3634E46-9D12-4E7C-B5E9-A2DACAC0AF53}.Production|Any CPU.ActiveCfg = Release|Any CPU
		{E3634E46-9D12-4E7C-B5E9-A2DACAC0AF53}.Production|Any CPU.Build.0 = Release|Any CPU
		{E3634E46-9D12-4E7C-B5E9-A2DACAC0AF53}.Release|Any CPU.ActiveCfg = Release|Any CPU
		{E3634E46-9D12-4E7C-B5E9-A2DACAC0AF53}.Release|Any CPU.Build.0 = Release|Any CPU
		{E3634E46-9D12-4E7C-B5E9-A2DACAC0AF53}.sample|Any CPU.ActiveCfg = Release|Any CPU
		{E3634E46-9D12-4E7C-B5E9-A2DACAC0AF53}.sample|Any CPU.Build.0 = Release|Any CPU
		{E3634E46-9D12-4E7C-B5E9-A2DACAC0AF53}.Test|Any CPU.ActiveCfg = Release|Any CPU
		{E3634E46-9D12-4E7C-B5E9-A2DACAC0AF53}.Test|Any CPU.Build.0 = Release|Any CPU
		{E3634E46-9D12-4E7C-B5E9-A2DACAC0AF53}.Uat|Any CPU.ActiveCfg = Release|Any CPU
		{E3634E46-9D12-4E7C-B5E9-A2DACAC0AF53}.Uat|Any CPU.Build.0 = Release|Any CPU
		{BD080424-0857-4AB1-A864-5BE7BE75DD29}.Debug|Any CPU.ActiveCfg = Debug|Any CPU
		{BD080424-0857-4AB1-A864-5BE7BE75DD29}.Debug|Any CPU.Build.0 = Debug|Any CPU
		{BD080424-0857-4AB1-A864-5BE7BE75DD29}.DebugLocal|Any CPU.ActiveCfg = Debug|Any CPU
		{BD080424-0857-4AB1-A864-5BE7BE75DD29}.DebugLocal|Any CPU.Build.0 = Debug|Any CPU
		{BD080424-0857-4AB1-A864-5BE7BE75DD29}.Dev|Any CPU.ActiveCfg = Dev|Any CPU
		{BD080424-0857-4AB1-A864-5BE7BE75DD29}.Dev|Any CPU.Build.0 = Dev|Any CPU
		{BD080424-0857-4AB1-A864-5BE7BE75DD29}.Production|Any CPU.ActiveCfg = Production|Any CPU
		{BD080424-0857-4AB1-A864-5BE7BE75DD29}.Production|Any CPU.Build.0 = Production|Any CPU
		{BD080424-0857-4AB1-A864-5BE7BE75DD29}.Release|Any CPU.ActiveCfg = Release|Any CPU
		{BD080424-0857-4AB1-A864-5BE7BE75DD29}.Release|Any CPU.Build.0 = Release|Any CPU
		{BD080424-0857-4AB1-A864-5BE7BE75DD29}.sample|Any CPU.ActiveCfg = sample|Any CPU
		{BD080424-0857-4AB1-A864-5BE7BE75DD29}.sample|Any CPU.Build.0 = sample|Any CPU
		{BD080424-0857-4AB1-A864-5BE7BE75DD29}.Test|Any CPU.ActiveCfg = Test|Any CPU
		{BD080424-0857-4AB1-A864-5BE7BE75DD29}.Test|Any CPU.Build.0 = Test|Any CPU
		{BD080424-0857-4AB1-A864-5BE7BE75DD29}.Uat|Any CPU.ActiveCfg = Uat|Any CPU
		{BD080424-0857-4AB1-A864-5BE7BE75DD29}.Uat|Any CPU.Build.0 = Uat|Any CPU
		{3A3FF9E8-1FCB-4C26-BBB8-48ECB2CCF240}.Debug|Any CPU.ActiveCfg = Debug|Any CPU
		{3A3FF9E8-1FCB-4C26-BBB8-48ECB2CCF240}.Debug|Any CPU.Build.0 = Debug|Any CPU
		{3A3FF9E8-1FCB-4C26-BBB8-48ECB2CCF240}.DebugLocal|Any CPU.ActiveCfg = Debug|Any CPU
		{3A3FF9E8-1FCB-4C26-BBB8-48ECB2CCF240}.DebugLocal|Any CPU.Build.0 = Debug|Any CPU
		{3A3FF9E8-1FCB-4C26-BBB8-48ECB2CCF240}.Dev|Any CPU.ActiveCfg = Debug|Any CPU
		{3A3FF9E8-1FCB-4C26-BBB8-48ECB2CCF240}.Dev|Any CPU.Build.0 = Debug|Any CPU
		{3A3FF9E8-1FCB-4C26-BBB8-48ECB2CCF240}.Production|Any CPU.ActiveCfg = Release|Any CPU
		{3A3FF9E8-1FCB-4C26-BBB8-48ECB2CCF240}.Production|Any CPU.Build.0 = Release|Any CPU
		{3A3FF9E8-1FCB-4C26-BBB8-48ECB2CCF240}.Release|Any CPU.ActiveCfg = Release|Any CPU
		{3A3FF9E8-1FCB-4C26-BBB8-48ECB2CCF240}.Release|Any CPU.Build.0 = Release|Any CPU
		{3A3FF9E8-1FCB-4C26-BBB8-48ECB2CCF240}.sample|Any CPU.ActiveCfg = Release|Any CPU
		{3A3FF9E8-1FCB-4C26-BBB8-48ECB2CCF240}.sample|Any CPU.Build.0 = Release|Any CPU
		{3A3FF9E8-1FCB-4C26-BBB8-48ECB2CCF240}.Test|Any CPU.ActiveCfg = Release|Any CPU
		{3A3FF9E8-1FCB-4C26-BBB8-48ECB2CCF240}.Test|Any CPU.Build.0 = Release|Any CPU
		{3A3FF9E8-1FCB-4C26-BBB8-48ECB2CCF240}.Uat|Any CPU.ActiveCfg = Release|Any CPU
		{3A3FF9E8-1FCB-4C26-BBB8-48ECB2CCF240}.Uat|Any CPU.Build.0 = Release|Any CPU
		{7FC8BBF2-A919-4A07-BA95-1D8FA14BE1D4}.Debug|Any CPU.ActiveCfg = Debug|Any CPU
		{7FC8BBF2-A919-4A07-BA95-1D8FA14BE1D4}.Debug|Any CPU.Build.0 = Debug|Any CPU
		{7FC8BBF2-A919-4A07-BA95-1D8FA14BE1D4}.DebugLocal|Any CPU.ActiveCfg = Debug|Any CPU
		{7FC8BBF2-A919-4A07-BA95-1D8FA14BE1D4}.DebugLocal|Any CPU.Build.0 = Debug|Any CPU
		{7FC8BBF2-A919-4A07-BA95-1D8FA14BE1D4}.Dev|Any CPU.ActiveCfg = Debug|Any CPU
		{7FC8BBF2-A919-4A07-BA95-1D8FA14BE1D4}.Dev|Any CPU.Build.0 = Debug|Any CPU
		{7FC8BBF2-A919-4A07-BA95-1D8FA14BE1D4}.Production|Any CPU.ActiveCfg = Release|Any CPU
		{7FC8BBF2-A919-4A07-BA95-1D8FA14BE1D4}.Production|Any CPU.Build.0 = Release|Any CPU
		{7FC8BBF2-A919-4A07-BA95-1D8FA14BE1D4}.Release|Any CPU.ActiveCfg = Release|Any CPU
		{7FC8BBF2-A919-4A07-BA95-1D8FA14BE1D4}.Release|Any CPU.Build.0 = Release|Any CPU
		{7FC8BBF2-A919-4A07-BA95-1D8FA14BE1D4}.sample|Any CPU.ActiveCfg = Release|Any CPU
		{7FC8BBF2-A919-4A07-BA95-1D8FA14BE1D4}.sample|Any CPU.Build.0 = Release|Any CPU
		{7FC8BBF2-A919-4A07-BA95-1D8FA14BE1D4}.Test|Any CPU.ActiveCfg = Release|Any CPU
		{7FC8BBF2-A919-4A07-BA95-1D8FA14BE1D4}.Test|Any CPU.Build.0 = Release|Any CPU
		{7FC8BBF2-A919-4A07-BA95-1D8FA14BE1D4}.Uat|Any CPU.ActiveCfg = Release|Any CPU
		{7FC8BBF2-A919-4A07-BA95-1D8FA14BE1D4}.Uat|Any CPU.Build.0 = Release|Any CPU
		{4D95FEEB-A1DB-40AE-A6A6-8F5DD103B802}.Debug|Any CPU.ActiveCfg = Debug|Any CPU
		{4D95FEEB-A1DB-40AE-A6A6-8F5DD103B802}.Debug|Any CPU.Build.0 = Debug|Any CPU
		{4D95FEEB-A1DB-40AE-A6A6-8F5DD103B802}.DebugLocal|Any CPU.ActiveCfg = Debug|Any CPU
		{4D95FEEB-A1DB-40AE-A6A6-8F5DD103B802}.DebugLocal|Any CPU.Build.0 = Debug|Any CPU
		{4D95FEEB-A1DB-40AE-A6A6-8F5DD103B802}.Dev|Any CPU.ActiveCfg = Dev|Any CPU
		{4D95FEEB-A1DB-40AE-A6A6-8F5DD103B802}.Dev|Any CPU.Build.0 = Dev|Any CPU
		{4D95FEEB-A1DB-40AE-A6A6-8F5DD103B802}.Production|Any CPU.ActiveCfg = Production|Any CPU
		{4D95FEEB-A1DB-40AE-A6A6-8F5DD103B802}.Production|Any CPU.Build.0 = Production|Any CPU
		{4D95FEEB-A1DB-40AE-A6A6-8F5DD103B802}.Release|Any CPU.ActiveCfg = Release|Any CPU
		{4D95FEEB-A1DB-40AE-A6A6-8F5DD103B802}.Release|Any CPU.Build.0 = Release|Any CPU
		{4D95FEEB-A1DB-40AE-A6A6-8F5DD103B802}.sample|Any CPU.ActiveCfg = sample|Any CPU
		{4D95FEEB-A1DB-40AE-A6A6-8F5DD103B802}.sample|Any CPU.Build.0 = sample|Any CPU
		{4D95FEEB-A1DB-40AE-A6A6-8F5DD103B802}.Test|Any CPU.ActiveCfg = Test|Any CPU
		{4D95FEEB-A1DB-40AE-A6A6-8F5DD103B802}.Test|Any CPU.Build.0 = Test|Any CPU
		{4D95FEEB-A1DB-40AE-A6A6-8F5DD103B802}.Uat|Any CPU.ActiveCfg = Uat|Any CPU
		{4D95FEEB-A1DB-40AE-A6A6-8F5DD103B802}.Uat|Any CPU.Build.0 = Uat|Any CPU
	EndGlobalSection
	GlobalSection(SolutionProperties) = preSolution
		HideSolutionNode = FALSE
	EndGlobalSection
	GlobalSection(NestedProjects) = preSolution
		{4D0F75D2-4808-4918-BD79-370E0D0B05A4} = {5A93F8F0-36A6-46ED-BCB4-A6B4C93DE94C}
		{9E9EA789-B6D0-4ACA-B66E-FA703DA5B804} = {5A93F8F0-36A6-46ED-BCB4-A6B4C93DE94C}
		{FDAEB970-0713-4F94-AE10-923B83E2B039} = {5A93F8F0-36A6-46ED-BCB4-A6B4C93DE94C}
		{339382A8-3783-4286-A111-B998383C40D1} = {5A93F8F0-36A6-46ED-BCB4-A6B4C93DE94C}
		{89777E8A-B946-4B97-AAFE-7F6C4F8EC312} = {5A93F8F0-36A6-46ED-BCB4-A6B4C93DE94C}
		{879DC7EA-67DD-4029-8A7F-0F03B00FA14C} = {5A93F8F0-36A6-46ED-BCB4-A6B4C93DE94C}
		{FF908883-5060-4EBB-8D36-38BB6D8CDDF8} = {339382A8-3783-4286-A111-B998383C40D1}
		{7EB442B9-A03E-4BE7-9DF0-67B0836FAD4C} = {AC66D671-9FF7-4D1B-B0CF-0EFC26E16349}
		{E3634E46-9D12-4E7C-B5E9-A2DACAC0AF53} = {89777E8A-B946-4B97-AAFE-7F6C4F8EC312}
		{BD080424-0857-4AB1-A864-5BE7BE75DD29} = {FDAEB970-0713-4F94-AE10-923B83E2B039}
		{3A3FF9E8-1FCB-4C26-BBB8-48ECB2CCF240} = {879DC7EA-67DD-4029-8A7F-0F03B00FA14C}
		{7FC8BBF2-A919-4A07-BA95-1D8FA14BE1D4} = {4D0F75D2-4808-4918-BD79-370E0D0B05A4}
		{4D95FEEB-A1DB-40AE-A6A6-8F5DD103B802} = {9E9EA789-B6D0-4ACA-B66E-FA703DA5B804}
		{AC66D671-9FF7-4D1B-B0CF-0EFC26E16349} = {5A93F8F0-36A6-46ED-BCB4-A6B4C93DE94C}
	EndGlobalSection
	GlobalSection(ExtensibilityGlobals) = postSolution
		EnterpriseLibraryConfigurationToolBinariesPathV6 = packages\EnterpriseLibrary.Common.6.0.1304.0\lib\NET45
		SolutionGuid = {886D58B9-6E10-4392-93C9-FCA593B9D05C}
	EndGlobalSection
EndGlobal
